
Microsoft Visual Studio Solution File, Format Version 12.00
# Visual Studio Version 16
VisualStudioVersion = 16.0.31515.178
MinimumVisualStudioVersion = 10.0.40219.1
Project("{FAE04EC0-301F-11D3-BF4B-00C04F79EFBC}") = "SkyExcelHelper", "SkyExcelHelper\SkyExcelHelper.csproj", "{52A4CB67-DF34-4048-92D1-0E0B978741E0}"
EndProject
Project("{FAE04EC0-301F-11D3-BF4B-00C04F79EFBC}") = "SkyExcelHelperNTest", "SkyExcelHelperNTest\SkyExcelHelperNTest.csproj", "{90BE4F9C-E2CB-45B3-8B36-54AFC7CA89EA}"
EndProject
Project("{FAE04EC0-301F-11D3-BF4B-00C04F79EFBC}") = "SkyExcelHelperTest", "SkyExcelHelperTest\SkyExcelHelperTest.csproj", "{EA73B9F0-7D53-4BD5-901A-91A5A295EAF0}"
EndProject
Global
	GlobalSection(SolutionConfigurationPlatforms) = preSolution
		Debug|Any CPU = Debug|Any CPU
		Release|Any CPU = Release|Any CPU
	EndGlobalSection
	GlobalSection(ProjectConfigurationPlatforms) = postSolution
		{52A4CB67-DF34-4048-92D1-0E0B978741E0}.Debug|Any CPU.ActiveCfg = Debug|Any CPU
		{52A4CB67-DF34-4048-92D1-0E0B978741E0}.Debug|Any CPU.Build.0 = Debug|Any CPU
		{52A4CB67-DF34-4048-92D1-0E0B978741E0}.Release|Any CPU.ActiveCfg = Release|Any CPU
		{52A4CB67-DF34-4048-92D1-0E0B978741E0}.Release|Any CPU.Build.0 = Release|Any CPU
		{90BE4F9C-E2CB-45B3-8B36-54AFC7CA89EA}.Debug|Any CPU.ActiveCfg = Debug|Any CPU
		{90BE4F9C-E2CB-45B3-8B36-54AFC7CA89EA}.Debug|Any CPU.Build.0 = Debug|Any CPU
		{90BE4F9C-E2CB-45B3-8B36-54AFC7CA89EA}.Release|Any CPU.ActiveCfg = Release|Any CPU
		{90BE4F9C-E2CB-45B3-8B36-54AFC7CA89EA}.Release|Any CPU.Build.0 = Release|Any CPU
		{EA73B9F0-7D53-4BD5-901A-91A5A295EAF0}.Debug|Any CPU.ActiveCfg = Debug|Any CPU
		{EA73B9F0-7D53-4BD5-901A-91A5A295EAF0}.Debug|Any CPU.Build.0 = Debug|Any CPU
		{EA73B9F0-7D53-4BD5-901A-91A5A295EAF0}.Release|Any CPU.ActiveCfg = Release|Any CPU
		{EA73B9F0-7D53-4BD5-901A-91A5A295EAF0}.Release|Any CPU.Build.0 = Release|Any CPU
	EndGlobalSection
	GlobalSection(SolutionProperties) = preSolution
		HideSolutionNode = FALSE
	EndGlobalSection
	GlobalSection(ExtensibilityGlobals) = postSolution
		SolutionGuid = {80F25101-5535-426C-A68C-39F86B369057}
	EndGlobalSection
EndGlobal
